
Microsoft Visual Studio Solution File, Format Version 12.00
Project("{2150E333-8FDC-42A3-9474-1A3956D46DE8}") = "src", "src", "{B784A7E5-3409-4368-9037-CCCE0EBBFE78}"
	ProjectSection(SolutionItems) = preProject
		src\docker-compose.yaml = src\docker-compose.yaml
	EndProjectSection
EndProject
Project("{FAE04EC0-301F-11D3-BF4B-00C04F79EFBC}") = "Devices.API", "src\Devices.API\Devices.API.csproj", "{F1964A58-EAD9-47CC-A165-84EEB15AA717}"
EndProject
Project("{2150E333-8FDC-42A3-9474-1A3956D46DE8}") = "config", "config", "{16F1B121-69AC-496B-ADDF-57C8896E21DF}"
	ProjectSection(SolutionItems) = preProject
		src\config\otel-collector-config.yaml = src\config\otel-collector-config.yaml
		src\config\prometheus.yaml = src\config\prometheus.yaml
	EndProjectSection
EndProject
Project("{FAE04EC0-301F-11D3-BF4B-00C04F79EFBC}") = "DevicesMetricsGenerator", "src\DevicesMetricsGenerator\DevicesMetricsGenerator.csproj", "{7607DFA5-D36D-4BB1-95EC-725610C35C0F}"
EndProject
Project("{FAE04EC0-301F-11D3-BF4B-00C04F79EFBC}") = "Contracts", "src\Contracts\Contracts.csproj", "{E1B22E29-F305-4895-8EF9-E670D572E7B4}"
EndProject
Project("{2150E333-8FDC-42A3-9474-1A3956D46DE8}") = "rabbit-mq", "rabbit-mq", "{379CA6C2-290F-4176-9609-0108A1C1E3AF}"
	ProjectSection(SolutionItems) = preProject
		src\config\rabbit-mq\Dockerfile = src\config\rabbit-mq\Dockerfile
	EndProjectSection
EndProject
Global
	GlobalSection(SolutionConfigurationPlatforms) = preSolution
		Debug|Any CPU = Debug|Any CPU
		Release|Any CPU = Release|Any CPU
	EndGlobalSection
	GlobalSection(ProjectConfigurationPlatforms) = postSolution
		{F1964A58-EAD9-47CC-A165-84EEB15AA717}.Debug|Any CPU.ActiveCfg = Debug|Any CPU
		{F1964A58-EAD9-47CC-A165-84EEB15AA717}.Debug|Any CPU.Build.0 = Debug|Any CPU
		{F1964A58-EAD9-47CC-A165-84EEB15AA717}.Release|Any CPU.ActiveCfg = Release|Any CPU
		{F1964A58-EAD9-47CC-A165-84EEB15AA717}.Release|Any CPU.Build.0 = Release|Any CPU
		{7607DFA5-D36D-4BB1-95EC-725610C35C0F}.Debug|Any CPU.ActiveCfg = Debug|Any CPU
		{7607DFA5-D36D-4BB1-95EC-725610C35C0F}.Debug|Any CPU.Build.0 = Debug|Any CPU
		{7607DFA5-D36D-4BB1-95EC-725610C35C0F}.Release|Any CPU.ActiveCfg = Release|Any CPU
		{7607DFA5-D36D-4BB1-95EC-725610C35C0F}.Release|Any CPU.Build.0 = Release|Any CPU
		{E1B22E29-F305-4895-8EF9-E670D572E7B4}.Debug|Any CPU.ActiveCfg = Debug|Any CPU
		{E1B22E29-F305-4895-8EF9-E670D572E7B4}.Debug|Any CPU.Build.0 = Debug|Any CPU
		{E1B22E29-F305-4895-8EF9-E670D572E7B4}.Release|Any CPU.ActiveCfg = Release|Any CPU
		{E1B22E29-F305-4895-8EF9-E670D572E7B4}.Release|Any CPU.Build.0 = Release|Any CPU
	EndGlobalSection
	GlobalSection(NestedProjects) = preSolution
		{F1964A58-EAD9-47CC-A165-84EEB15AA717} = {B784A7E5-3409-4368-9037-CCCE0EBBFE78}
		{16F1B121-69AC-496B-ADDF-57C8896E21DF} = {B784A7E5-3409-4368-9037-CCCE0EBBFE78}
		{7607DFA5-D36D-4BB1-95EC-725610C35C0F} = {B784A7E5-3409-4368-9037-CCCE0EBBFE78}
		{E1B22E29-F305-4895-8EF9-E670D572E7B4} = {B784A7E5-3409-4368-9037-CCCE0EBBFE78}
		{379CA6C2-290F-4176-9609-0108A1C1E3AF} = {16F1B121-69AC-496B-ADDF-57C8896E21DF}
	EndGlobalSection
EndGlobal
