
Microsoft Visual Studio Solution File, Format Version 12.00
Project("{2150E333-8FDC-42A3-9474-1A3956D46DE8}") = "src", "src", "{B784A7E5-3409-4368-9037-CCCE0EBBFE78}"
	ProjectSection(SolutionItems) = preProject
		src\docker-compose.yaml = src\docker-compose.yaml
	EndProjectSection
EndProject
Project("{FAE04EC0-301F-11D3-BF4B-00C04F79EFBC}") = "Devices.API", "src\Devices.API\Devices.API.csproj", "{F1964A58-EAD9-47CC-A165-84EEB15AA717}"
EndProject
Project("{2150E333-8FDC-42A3-9474-1A3956D46DE8}") = "config", "config", "{16F1B121-69AC-496B-ADDF-57C8896E21DF}"
	ProjectSection(SolutionItems) = preProject
		src\config\otel-collector-config.yaml = src\config\otel-collector-config.yaml
		src\config\prometheus.yaml = src\config\prometheus.yaml
	EndProjectSection
EndProject
Global
	GlobalSection(SolutionConfigurationPlatforms) = preSolution
		Debug|Any CPU = Debug|Any CPU
		Release|Any CPU = Release|Any CPU
	EndGlobalSection
	GlobalSection(ProjectConfigurationPlatforms) = postSolution
		{F1964A58-EAD9-47CC-A165-84EEB15AA717}.Debug|Any CPU.ActiveCfg = Debug|Any CPU
		{F1964A58-EAD9-47CC-A165-84EEB15AA717}.Debug|Any CPU.Build.0 = Debug|Any CPU
		{F1964A58-EAD9-47CC-A165-84EEB15AA717}.Release|Any CPU.ActiveCfg = Release|Any CPU
		{F1964A58-EAD9-47CC-A165-84EEB15AA717}.Release|Any CPU.Build.0 = Release|Any CPU
	EndGlobalSection
	GlobalSection(NestedProjects) = preSolution
		{F1964A58-EAD9-47CC-A165-84EEB15AA717} = {B784A7E5-3409-4368-9037-CCCE0EBBFE78}
		{16F1B121-69AC-496B-ADDF-57C8896E21DF} = {B784A7E5-3409-4368-9037-CCCE0EBBFE78}
	EndGlobalSection
EndGlobal
